
Microsoft Visual Studio Solution File, Format Version 12.00
# Visual Studio Version 17
VisualStudioVersion = 17.8.34511.84
MinimumVisualStudioVersion = 10.0.40219.1
Project("{FAE04EC0-301F-11D3-BF4B-00C04F79EFBC}") = "ConsoleApp6", "ConsoleApp6\ConsoleApp6.csproj", "{2735C57A-0C77-4107-BB53-6C8938650BEE}"
EndProject
Global
	GlobalSection(SolutionConfigurationPlatforms) = preSolution
		Debug|Any CPU = Debug|Any CPU
		Release|Any CPU = Release|Any CPU
	EndGlobalSection
	GlobalSection(ProjectConfigurationPlatforms) = postSolution
		{2735C57A-0C77-4107-BB53-6C8938650BEE}.Debug|Any CPU.ActiveCfg = Debug|Any CPU
		{2735C57A-0C77-4107-BB53-6C8938650BEE}.Debug|Any CPU.Build.0 = Debug|Any CPU
		{2735C57A-0C77-4107-BB53-6C8938650BEE}.Release|Any CPU.ActiveCfg = Release|Any CPU
		{2735C57A-0C77-4107-BB53-6C8938650BEE}.Release|Any CPU.Build.0 = Release|Any CPU
	EndGlobalSection
	GlobalSection(SolutionProperties) = preSolution
		HideSolutionNode = FALSE
	EndGlobalSection
	GlobalSection(ExtensibilityGlobals) = postSolution
		SolutionGuid = {691D218D-C072-4DDD-AFBF-58A080F755CD}
	EndGlobalSection
EndGlobal
